
Microsoft Visual Studio Solution File, Format Version 12.00
# Visual Studio Version 17
VisualStudioVersion = 17.11.35222.181
MinimumVisualStudioVersion = 10.0.40219.1
Project("{9A19103F-16F7-4668-BE54-9A1E7A4F7556}") = "SuperFreshAPI", "SuperFreshAPI.csproj", "{81B76138-55C3-49C1-A3B4-E1E72ED2353C}"
EndProject
Project("{9A19103F-16F7-4668-BE54-9A1E7A4F7556}") = "SuperFreshAvance", "..\SuperFreshAvance\SuperFreshAvance.csproj", "{4AA6F2B1-45D2-4BDD-B394-731BD0E33EE6}"
EndProject
Global
	GlobalSection(SolutionConfigurationPlatforms) = preSolution
		Debug|Any CPU = Debug|Any CPU
		Release|Any CPU = Release|Any CPU
	EndGlobalSection
	GlobalSection(ProjectConfigurationPlatforms) = postSolution
		{81B76138-55C3-49C1-A3B4-E1E72ED2353C}.Debug|Any CPU.ActiveCfg = Debug|Any CPU
		{81B76138-55C3-49C1-A3B4-E1E72ED2353C}.Debug|Any CPU.Build.0 = Debug|Any CPU
		{81B76138-55C3-49C1-A3B4-E1E72ED2353C}.Release|Any CPU.ActiveCfg = Release|Any CPU
		{81B76138-55C3-49C1-A3B4-E1E72ED2353C}.Release|Any CPU.Build.0 = Release|Any CPU
		{4AA6F2B1-45D2-4BDD-B394-731BD0E33EE6}.Debug|Any CPU.ActiveCfg = Debug|Any CPU
		{4AA6F2B1-45D2-4BDD-B394-731BD0E33EE6}.Debug|Any CPU.Build.0 = Debug|Any CPU
		{4AA6F2B1-45D2-4BDD-B394-731BD0E33EE6}.Release|Any CPU.ActiveCfg = Release|Any CPU
		{4AA6F2B1-45D2-4BDD-B394-731BD0E33EE6}.Release|Any CPU.Build.0 = Release|Any CPU
	EndGlobalSection
	GlobalSection(SolutionProperties) = preSolution
		HideSolutionNode = FALSE
	EndGlobalSection
	GlobalSection(ExtensibilityGlobals) = postSolution
		SolutionGuid = {BFC8FE0E-4633-48BF-A1D1-13166B398E76}
	EndGlobalSection
EndGlobal
